// !$*UTF8*$!
{
	archiveVersion = 1;
	classes = {
	};
	objectVersion = 51;
	objects = {

/* Begin PBXBuildFile section */
		0B1625062362309800C8FDAB /* MainRepositoriesListCell.swift in Sources */ = {isa = PBXBuildFile; fileRef = 0B1625042362309800C8FDAB /* MainRepositoriesListCell.swift */; };
		0B1625072362309800C8FDAB /* MainRepositoriesListCell.xib in Resources */ = {isa = PBXBuildFile; fileRef = 0B1625052362309800C8FDAB /* MainRepositoriesListCell.xib */; };
		0B162509236230C800C8FDAB /* MainRepositoriesListCellViewModel.swift in Sources */ = {isa = PBXBuildFile; fileRef = 0B162508236230C800C8FDAB /* MainRepositoriesListCellViewModel.swift */; };
		0B16250C23623CC300C8FDAB /* RepositoryRenderable.swift in Sources */ = {isa = PBXBuildFile; fileRef = 0B16250B23623CC300C8FDAB /* RepositoryRenderable.swift */; };
		0B63AA742360E2DC00505E29 /* ApiConstants.swift in Sources */ = {isa = PBXBuildFile; fileRef = 0B63AA732360E2DC00505E29 /* ApiConstants.swift */; };
		0B63AA762360E54400505E29 /* ErrorableTargetType.swift in Sources */ = {isa = PBXBuildFile; fileRef = 0B63AA752360E54400505E29 /* ErrorableTargetType.swift */; };
		0B63AA7C2360E8DA00505E29 /* APIKeys.swift in Sources */ = {isa = PBXBuildFile; fileRef = 0B63AA7B2360E8DA00505E29 /* APIKeys.swift */; };
		0B63AA7F2360EF6400505E29 /* MainRepositoriesListWorker.swift in Sources */ = {isa = PBXBuildFile; fileRef = 0B63AA7E2360EF6400505E29 /* MainRepositoriesListWorker.swift */; };
		0B63AA842360F05900505E29 /* ErrorHandlingPlugin.swift in Sources */ = {isa = PBXBuildFile; fileRef = 0B63AA832360F05900505E29 /* ErrorHandlingPlugin.swift */; };
		0B63AA872360F10D00505E29 /* UIViewControllerExtension.swift in Sources */ = {isa = PBXBuildFile; fileRef = 0B63AA862360F10D00505E29 /* UIViewControllerExtension.swift */; };
		0B63AA892360F13800505E29 /* UIVIewExtension.swift in Sources */ = {isa = PBXBuildFile; fileRef = 0B63AA882360F13800505E29 /* UIVIewExtension.swift */; };
		0B63AA8D2360F38400505E29 /* Localizables.strings in Resources */ = {isa = PBXBuildFile; fileRef = 0B63AA8F2360F38400505E29 /* Localizables.strings */; };
		0B63AA922360F47000505E29 /* APIError.swift in Sources */ = {isa = PBXBuildFile; fileRef = 0B63AA912360F47000505E29 /* APIError.swift */; };
		0B63AA942360F59900505E29 /* UIAlertControllerExtension.swift in Sources */ = {isa = PBXBuildFile; fileRef = 0B63AA932360F59900505E29 /* UIAlertControllerExtension.swift */; };
		0B63AA982360F70F00505E29 /* RepositoriesListResponse.swift in Sources */ = {isa = PBXBuildFile; fileRef = 0B63AA972360F70F00505E29 /* RepositoriesListResponse.swift */; };
		0B63AA9A2360F8A100505E29 /* SessionManagerExtension.swift in Sources */ = {isa = PBXBuildFile; fileRef = 0B63AA992360F8A100505E29 /* SessionManagerExtension.swift */; };
		0BB72B6B235F954D0096AD49 /* Coordinator.swift in Sources */ = {isa = PBXBuildFile; fileRef = 0BB72B6A235F954D0096AD49 /* Coordinator.swift */; };
		0BB72B6D235F95750096AD49 /* AppCoordinator.swift in Sources */ = {isa = PBXBuildFile; fileRef = 0BB72B6C235F95750096AD49 /* AppCoordinator.swift */; };
		0BB72B6F235F97C20096AD49 /* MainRepositoryListCoordinator.swift in Sources */ = {isa = PBXBuildFile; fileRef = 0BB72B6E235F97C20096AD49 /* MainRepositoryListCoordinator.swift */; };
		0BB72B78235F99B70096AD49 /* BaseViewController.swift in Sources */ = {isa = PBXBuildFile; fileRef = 0BB72B77235F99B70096AD49 /* BaseViewController.swift */; };
		0BB72B7A235F9AAC0096AD49 /* MainRepositoriesListViewModel.swift in Sources */ = {isa = PBXBuildFile; fileRef = 0BB72B79235F9AAC0096AD49 /* MainRepositoriesListViewModel.swift */; };
		0BB72B7E235F9C570096AD49 /* MainRepositoryListService.swift in Sources */ = {isa = PBXBuildFile; fileRef = 0BB72B7D235F9C570096AD49 /* MainRepositoryListService.swift */; };
		0BB72B81235F9DAF0096AD49 /* MainRepositoriesListViewController.swift in Sources */ = {isa = PBXBuildFile; fileRef = 0BB72B7F235F9DAF0096AD49 /* MainRepositoriesListViewController.swift */; };
		0BB72B82235F9DAF0096AD49 /* MainRepositoriesListViewController.xib in Resources */ = {isa = PBXBuildFile; fileRef = 0BB72B80235F9DAF0096AD49 /* MainRepositoriesListViewController.xib */; };
		0BD44DA5235F8F4B0067B353 /* AppDelegate.swift in Sources */ = {isa = PBXBuildFile; fileRef = 0BD44DA4235F8F4B0067B353 /* AppDelegate.swift */; };
		0BD44DA7235F8F4B0067B353 /* SceneDelegate.swift in Sources */ = {isa = PBXBuildFile; fileRef = 0BD44DA6235F8F4B0067B353 /* SceneDelegate.swift */; };
		0BD44DAE235F8F4C0067B353 /* Assets.xcassets in Resources */ = {isa = PBXBuildFile; fileRef = 0BD44DAD235F8F4C0067B353 /* Assets.xcassets */; };
		0BD44DB1235F8F4C0067B353 /* LaunchScreen.storyboard in Resources */ = {isa = PBXBuildFile; fileRef = 0BD44DAF235F8F4C0067B353 /* LaunchScreen.storyboard */; };
		0BD44DBC235F8F4C0067B353 /* RepoFetcherTests.swift in Sources */ = {isa = PBXBuildFile; fileRef = 0BD44DBB235F8F4C0067B353 /* RepoFetcherTests.swift */; };
		49B886EB8AADEED1C97DB5CB /* Pods_RepoFetcher.framework in Frameworks */ = {isa = PBXBuildFile; fileRef = 4357E109C6FAE9ABCE6B7AE0 /* Pods_RepoFetcher.framework */; };
		E1A67F655F92614A7D351797 /* Pods_RepoFetcherTests.framework in Frameworks */ = {isa = PBXBuildFile; fileRef = 014ACB0FD922991196F4523C /* Pods_RepoFetcherTests.framework */; };
/* End PBXBuildFile section */

/* Begin PBXContainerItemProxy section */
		0BD44DB8235F8F4C0067B353 /* PBXContainerItemProxy */ = {
			isa = PBXContainerItemProxy;
			containerPortal = 0BD44D99235F8F4B0067B353 /* Project object */;
			proxyType = 1;
			remoteGlobalIDString = 0BD44DA0235F8F4B0067B353;
			remoteInfo = RepoFetcher;
		};
/* End PBXContainerItemProxy section */

/* Begin PBXFileReference section */
		014ACB0FD922991196F4523C /* Pods_RepoFetcherTests.framework */ = {isa = PBXFileReference; explicitFileType = wrapper.framework; includeInIndex = 0; path = Pods_RepoFetcherTests.framework; sourceTree = BUILT_PRODUCTS_DIR; };
		0B1625042362309800C8FDAB /* MainRepositoriesListCell.swift */ = {isa = PBXFileReference; lastKnownFileType = sourcecode.swift; path = MainRepositoriesListCell.swift; sourceTree = "<group>"; };
		0B1625052362309800C8FDAB /* MainRepositoriesListCell.xib */ = {isa = PBXFileReference; lastKnownFileType = file.xib; path = MainRepositoriesListCell.xib; sourceTree = "<group>"; };
		0B162508236230C800C8FDAB /* MainRepositoriesListCellViewModel.swift */ = {isa = PBXFileReference; lastKnownFileType = sourcecode.swift; path = MainRepositoriesListCellViewModel.swift; sourceTree = "<group>"; };
		0B16250B23623CC300C8FDAB /* RepositoryRenderable.swift */ = {isa = PBXFileReference; lastKnownFileType = sourcecode.swift; path = RepositoryRenderable.swift; sourceTree = "<group>"; };
		0B63AA732360E2DC00505E29 /* ApiConstants.swift */ = {isa = PBXFileReference; lastKnownFileType = sourcecode.swift; path = ApiConstants.swift; sourceTree = "<group>"; };
		0B63AA752360E54400505E29 /* ErrorableTargetType.swift */ = {isa = PBXFileReference; lastKnownFileType = sourcecode.swift; path = ErrorableTargetType.swift; sourceTree = "<group>"; };
		0B63AA7B2360E8DA00505E29 /* APIKeys.swift */ = {isa = PBXFileReference; lastKnownFileType = sourcecode.swift; path = APIKeys.swift; sourceTree = "<group>"; };
		0B63AA7E2360EF6400505E29 /* MainRepositoriesListWorker.swift */ = {isa = PBXFileReference; lastKnownFileType = sourcecode.swift; path = MainRepositoriesListWorker.swift; sourceTree = "<group>"; };
		0B63AA832360F05900505E29 /* ErrorHandlingPlugin.swift */ = {isa = PBXFileReference; lastKnownFileType = sourcecode.swift; path = ErrorHandlingPlugin.swift; sourceTree = "<group>"; };
		0B63AA862360F10D00505E29 /* UIViewControllerExtension.swift */ = {isa = PBXFileReference; lastKnownFileType = sourcecode.swift; path = UIViewControllerExtension.swift; sourceTree = "<group>"; };
		0B63AA882360F13800505E29 /* UIVIewExtension.swift */ = {isa = PBXFileReference; lastKnownFileType = sourcecode.swift; path = UIVIewExtension.swift; sourceTree = "<group>"; };
		0B63AA8E2360F38400505E29 /* en */ = {isa = PBXFileReference; lastKnownFileType = text.plist.strings; name = en; path = en.lproj/Localizables.strings; sourceTree = "<group>"; };
		0B63AA912360F47000505E29 /* APIError.swift */ = {isa = PBXFileReference; lastKnownFileType = sourcecode.swift; path = APIError.swift; sourceTree = "<group>"; };
		0B63AA932360F59900505E29 /* UIAlertControllerExtension.swift */ = {isa = PBXFileReference; lastKnownFileType = sourcecode.swift; path = UIAlertControllerExtension.swift; sourceTree = "<group>"; };
		0B63AA972360F70F00505E29 /* RepositoriesListResponse.swift */ = {isa = PBXFileReference; lastKnownFileType = sourcecode.swift; path = RepositoriesListResponse.swift; sourceTree = "<group>"; };
		0B63AA992360F8A100505E29 /* SessionManagerExtension.swift */ = {isa = PBXFileReference; lastKnownFileType = sourcecode.swift; path = SessionManagerExtension.swift; sourceTree = "<group>"; };
		0BB72B6A235F954D0096AD49 /* Coordinator.swift */ = {isa = PBXFileReference; lastKnownFileType = sourcecode.swift; path = Coordinator.swift; sourceTree = "<group>"; };
		0BB72B6C235F95750096AD49 /* AppCoordinator.swift */ = {isa = PBXFileReference; lastKnownFileType = sourcecode.swift; path = AppCoordinator.swift; sourceTree = "<group>"; };
		0BB72B6E235F97C20096AD49 /* MainRepositoryListCoordinator.swift */ = {isa = PBXFileReference; lastKnownFileType = sourcecode.swift; path = MainRepositoryListCoordinator.swift; sourceTree = "<group>"; };
		0BB72B77235F99B70096AD49 /* BaseViewController.swift */ = {isa = PBXFileReference; lastKnownFileType = sourcecode.swift; path = BaseViewController.swift; sourceTree = "<group>"; };
		0BB72B79235F9AAC0096AD49 /* MainRepositoriesListViewModel.swift */ = {isa = PBXFileReference; lastKnownFileType = sourcecode.swift; path = MainRepositoriesListViewModel.swift; sourceTree = "<group>"; };
		0BB72B7D235F9C570096AD49 /* MainRepositoryListService.swift */ = {isa = PBXFileReference; lastKnownFileType = sourcecode.swift; path = MainRepositoryListService.swift; sourceTree = "<group>"; };
		0BB72B7F235F9DAF0096AD49 /* MainRepositoriesListViewController.swift */ = {isa = PBXFileReference; lastKnownFileType = sourcecode.swift; path = MainRepositoriesListViewController.swift; sourceTree = "<group>"; };
		0BB72B80235F9DAF0096AD49 /* MainRepositoriesListViewController.xib */ = {isa = PBXFileReference; lastKnownFileType = file.xib; path = MainRepositoriesListViewController.xib; sourceTree = "<group>"; };
		0BD44DA1235F8F4B0067B353 /* RepoFetcher.app */ = {isa = PBXFileReference; explicitFileType = wrapper.application; includeInIndex = 0; path = RepoFetcher.app; sourceTree = BUILT_PRODUCTS_DIR; };
		0BD44DA4235F8F4B0067B353 /* AppDelegate.swift */ = {isa = PBXFileReference; lastKnownFileType = sourcecode.swift; path = AppDelegate.swift; sourceTree = "<group>"; };
		0BD44DA6235F8F4B0067B353 /* SceneDelegate.swift */ = {isa = PBXFileReference; lastKnownFileType = sourcecode.swift; path = SceneDelegate.swift; sourceTree = "<group>"; };
		0BD44DAD235F8F4C0067B353 /* Assets.xcassets */ = {isa = PBXFileReference; lastKnownFileType = folder.assetcatalog; path = Assets.xcassets; sourceTree = "<group>"; };
		0BD44DB0235F8F4C0067B353 /* Base */ = {isa = PBXFileReference; lastKnownFileType = file.storyboard; name = Base; path = Base.lproj/LaunchScreen.storyboard; sourceTree = "<group>"; };
		0BD44DB2235F8F4C0067B353 /* Info.plist */ = {isa = PBXFileReference; lastKnownFileType = text.plist.xml; path = Info.plist; sourceTree = "<group>"; };
		0BD44DB7235F8F4C0067B353 /* RepoFetcherTests.xctest */ = {isa = PBXFileReference; explicitFileType = wrapper.cfbundle; includeInIndex = 0; path = RepoFetcherTests.xctest; sourceTree = BUILT_PRODUCTS_DIR; };
		0BD44DBB235F8F4C0067B353 /* RepoFetcherTests.swift */ = {isa = PBXFileReference; lastKnownFileType = sourcecode.swift; path = RepoFetcherTests.swift; sourceTree = "<group>"; };
		0BD44DBD235F8F4C0067B353 /* Info.plist */ = {isa = PBXFileReference; lastKnownFileType = text.plist.xml; path = Info.plist; sourceTree = "<group>"; };
		0D3344DE1F2F245A53DAA332 /* Pods-RepoFetcher.debug.xcconfig */ = {isa = PBXFileReference; includeInIndex = 1; lastKnownFileType = text.xcconfig; name = "Pods-RepoFetcher.debug.xcconfig"; path = "Target Support Files/Pods-RepoFetcher/Pods-RepoFetcher.debug.xcconfig"; sourceTree = "<group>"; };
		4357E109C6FAE9ABCE6B7AE0 /* Pods_RepoFetcher.framework */ = {isa = PBXFileReference; explicitFileType = wrapper.framework; includeInIndex = 0; path = Pods_RepoFetcher.framework; sourceTree = BUILT_PRODUCTS_DIR; };
		64F78510643E281D9EA05EBE /* Pods-RepoFetcher.release.xcconfig */ = {isa = PBXFileReference; includeInIndex = 1; lastKnownFileType = text.xcconfig; name = "Pods-RepoFetcher.release.xcconfig"; path = "Target Support Files/Pods-RepoFetcher/Pods-RepoFetcher.release.xcconfig"; sourceTree = "<group>"; };
		7BE47C9940232D7D06FD2BAF /* Pods-RepoFetcherTests.debug.xcconfig */ = {isa = PBXFileReference; includeInIndex = 1; lastKnownFileType = text.xcconfig; name = "Pods-RepoFetcherTests.debug.xcconfig"; path = "Target Support Files/Pods-RepoFetcherTests/Pods-RepoFetcherTests.debug.xcconfig"; sourceTree = "<group>"; };
		B52C66A870099FD13302ED1F /* Pods-RepoFetcherTests.release.xcconfig */ = {isa = PBXFileReference; includeInIndex = 1; lastKnownFileType = text.xcconfig; name = "Pods-RepoFetcherTests.release.xcconfig"; path = "Target Support Files/Pods-RepoFetcherTests/Pods-RepoFetcherTests.release.xcconfig"; sourceTree = "<group>"; };
/* End PBXFileReference section */

/* Begin PBXFrameworksBuildPhase section */
		0BD44D9E235F8F4B0067B353 /* Frameworks */ = {
			isa = PBXFrameworksBuildPhase;
			buildActionMask = 2147483647;
			files = (
				49B886EB8AADEED1C97DB5CB /* Pods_RepoFetcher.framework in Frameworks */,
			);
			runOnlyForDeploymentPostprocessing = 0;
		};
		0BD44DB4235F8F4C0067B353 /* Frameworks */ = {
			isa = PBXFrameworksBuildPhase;
			buildActionMask = 2147483647;
			files = (
				E1A67F655F92614A7D351797 /* Pods_RepoFetcherTests.framework in Frameworks */,
			);
			runOnlyForDeploymentPostprocessing = 0;
		};
/* End PBXFrameworksBuildPhase section */

/* Begin PBXGroup section */
		0B16250A23623CB100C8FDAB /* Renderables */ = {
			isa = PBXGroup;
			children = (
				0B16250B23623CC300C8FDAB /* RepositoryRenderable.swift */,
			);
			path = Renderables;
			sourceTree = "<group>";
		};
		0B63AA722360E2C900505E29 /* Enums */ = {
			isa = PBXGroup;
			children = (
				0B63AA732360E2DC00505E29 /* ApiConstants.swift */,
				0B63AA7B2360E8DA00505E29 /* APIKeys.swift */,
			);
			path = Enums;
			sourceTree = "<group>";
		};
		0B63AA772360E54A00505E29 /* Protocols */ = {
			isa = PBXGroup;
			children = (
				0B63AA752360E54400505E29 /* ErrorableTargetType.swift */,
			);
			path = Protocols;
			sourceTree = "<group>";
		};
		0B63AA782360E88200505E29 /* Extensions */ = {
			isa = PBXGroup;
			children = (
				0B63AA862360F10D00505E29 /* UIViewControllerExtension.swift */,
				0B63AA882360F13800505E29 /* UIVIewExtension.swift */,
				0B63AA932360F59900505E29 /* UIAlertControllerExtension.swift */,
				0B63AA992360F8A100505E29 /* SessionManagerExtension.swift */,
			);
			path = Extensions;
			sourceTree = "<group>";
		};
		0B63AA7D2360EF5000505E29 /* Worker */ = {
			isa = PBXGroup;
			children = (
				0B63AA7E2360EF6400505E29 /* MainRepositoriesListWorker.swift */,
			);
			path = Worker;
			sourceTree = "<group>";
		};
		0B63AA822360F04A00505E29 /* Plugins */ = {
			isa = PBXGroup;
			children = (
				0B63AA832360F05900505E29 /* ErrorHandlingPlugin.swift */,
			);
			path = Plugins;
			sourceTree = "<group>";
		};
		0B63AA902360F46000505E29 /* Models */ = {
			isa = PBXGroup;
			children = (
				0B63AA912360F47000505E29 /* APIError.swift */,
				0B63AA972360F70F00505E29 /* RepositoriesListResponse.swift */,
			);
			path = Models;
			sourceTree = "<group>";
		};
		0BB72B67235F93EF0096AD49 /* Coordinators */ = {
			isa = PBXGroup;
			children = (
				0BB72B69235F952F0096AD49 /* Base */,
				0BB72B6E235F97C20096AD49 /* MainRepositoryListCoordinator.swift */,
			);
			path = Coordinators;
			sourceTree = "<group>";
		};
		0BB72B68235F94170096AD49 /* Base */ = {
			isa = PBXGroup;
			children = (
				0BD44DA4235F8F4B0067B353 /* AppDelegate.swift */,
				0BD44DA6235F8F4B0067B353 /* SceneDelegate.swift */,
				0BD44DB2235F8F4C0067B353 /* Info.plist */,
				0BD44DAD235F8F4C0067B353 /* Assets.xcassets */,
				0BD44DAF235F8F4C0067B353 /* LaunchScreen.storyboard */,
				0B63AA8F2360F38400505E29 /* Localizables.strings */,
			);
			path = Base;
			sourceTree = "<group>";
		};
		0BB72B69235F952F0096AD49 /* Base */ = {
			isa = PBXGroup;
			children = (
				0BB72B6A235F954D0096AD49 /* Coordinator.swift */,
				0BB72B6C235F95750096AD49 /* AppCoordinator.swift */,
			);
			path = Base;
			sourceTree = "<group>";
		};
		0BB72B70235F98F50096AD49 /* Controllers */ = {
			isa = PBXGroup;
			children = (
				0BB72B71235F99060096AD49 /* MainRepositoriesListController */,
			);
			path = Controllers;
			sourceTree = "<group>";
		};
		0BB72B71235F99060096AD49 /* MainRepositoriesListController */ = {
			isa = PBXGroup;
			children = (
				0B16250A23623CB100C8FDAB /* Renderables */,
				0B63AA7D2360EF5000505E29 /* Worker */,
				0BB72B72235F993C0096AD49 /* Cell */,
				0BB72B79235F9AAC0096AD49 /* MainRepositoriesListViewModel.swift */,
				0BB72B7F235F9DAF0096AD49 /* MainRepositoriesListViewController.swift */,
				0BB72B80235F9DAF0096AD49 /* MainRepositoriesListViewController.xib */,
			);
			path = MainRepositoriesListController;
			sourceTree = "<group>";
		};
		0BB72B72235F993C0096AD49 /* Cell */ = {
			isa = PBXGroup;
			children = (
				0B1625042362309800C8FDAB /* MainRepositoriesListCell.swift */,
				0B1625052362309800C8FDAB /* MainRepositoriesListCell.xib */,
				0B162508236230C800C8FDAB /* MainRepositoriesListCellViewModel.swift */,
			);
			path = Cell;
			sourceTree = "<group>";
		};
		0BB72B75235F998D0096AD49 /* GenericViews */ = {
			isa = PBXGroup;
			children = (
				0BB72B76235F99A00096AD49 /* BaseViewController */,
			);
			path = GenericViews;
			sourceTree = "<group>";
		};
		0BB72B76235F99A00096AD49 /* BaseViewController */ = {
			isa = PBXGroup;
			children = (
				0BB72B77235F99B70096AD49 /* BaseViewController.swift */,
			);
			path = BaseViewController;
			sourceTree = "<group>";
		};
		0BB72B7B235F9C3A0096AD49 /* Networking */ = {
			isa = PBXGroup;
			children = (
				0B63AA722360E2C900505E29 /* Enums */,
				0B63AA822360F04A00505E29 /* Plugins */,
				0B63AA772360E54A00505E29 /* Protocols */,
				0BB72B7C235F9C450096AD49 /* Services */,
			);
			path = Networking;
			sourceTree = "<group>";
		};
		0BB72B7C235F9C450096AD49 /* Services */ = {
			isa = PBXGroup;
			children = (
				0BB72B7D235F9C570096AD49 /* MainRepositoryListService.swift */,
			);
			path = Services;
			sourceTree = "<group>";
		};
		0BD44D98235F8F4B0067B353 = {
			isa = PBXGroup;
			children = (
				0BD44DA3235F8F4B0067B353 /* RepoFetcher */,
				0BD44DBA235F8F4C0067B353 /* RepoFetcherTests */,
				0BD44DA2235F8F4B0067B353 /* Products */,
				1E0C70F9A3E5AA690169CD62 /* Pods */,
				AEFE6263B1C85F7654950CDD /* Frameworks */,
			);
			sourceTree = "<group>";
		};
		0BD44DA2235F8F4B0067B353 /* Products */ = {
			isa = PBXGroup;
			children = (
				0BD44DA1235F8F4B0067B353 /* RepoFetcher.app */,
				0BD44DB7235F8F4C0067B353 /* RepoFetcherTests.xctest */,
			);
			name = Products;
			sourceTree = "<group>";
		};
		0BD44DA3235F8F4B0067B353 /* RepoFetcher */ = {
			isa = PBXGroup;
			children = (
				0B63AA902360F46000505E29 /* Models */,
				0B63AA782360E88200505E29 /* Extensions */,
				0BB72B7B235F9C3A0096AD49 /* Networking */,
				0BB72B68235F94170096AD49 /* Base */,
				0BB72B75235F998D0096AD49 /* GenericViews */,
				0BB72B70235F98F50096AD49 /* Controllers */,
				0BB72B67235F93EF0096AD49 /* Coordinators */,
			);
			path = RepoFetcher;
			sourceTree = "<group>";
		};
		0BD44DBA235F8F4C0067B353 /* RepoFetcherTests */ = {
			isa = PBXGroup;
			children = (
				0BD44DBB235F8F4C0067B353 /* RepoFetcherTests.swift */,
				0BD44DBD235F8F4C0067B353 /* Info.plist */,
			);
			path = RepoFetcherTests;
			sourceTree = "<group>";
		};
		1E0C70F9A3E5AA690169CD62 /* Pods */ = {
			isa = PBXGroup;
			children = (
				0D3344DE1F2F245A53DAA332 /* Pods-RepoFetcher.debug.xcconfig */,
				64F78510643E281D9EA05EBE /* Pods-RepoFetcher.release.xcconfig */,
				7BE47C9940232D7D06FD2BAF /* Pods-RepoFetcherTests.debug.xcconfig */,
				B52C66A870099FD13302ED1F /* Pods-RepoFetcherTests.release.xcconfig */,
			);
			path = Pods;
			sourceTree = "<group>";
		};
		AEFE6263B1C85F7654950CDD /* Frameworks */ = {
			isa = PBXGroup;
			children = (
				4357E109C6FAE9ABCE6B7AE0 /* Pods_RepoFetcher.framework */,
				014ACB0FD922991196F4523C /* Pods_RepoFetcherTests.framework */,
			);
			name = Frameworks;
			sourceTree = "<group>";
		};
/* End PBXGroup section */

/* Begin PBXNativeTarget section */
		0BD44DA0235F8F4B0067B353 /* RepoFetcher */ = {
			isa = PBXNativeTarget;
			buildConfigurationList = 0BD44DC0235F8F4C0067B353 /* Build configuration list for PBXNativeTarget "RepoFetcher" */;
			buildPhases = (
				223D7D24E1DD3CF7F068D22F /* [CP] Check Pods Manifest.lock */,
				0BD44D9D235F8F4B0067B353 /* Sources */,
				0BD44D9E235F8F4B0067B353 /* Frameworks */,
				0BD44D9F235F8F4B0067B353 /* Resources */,
				3A3604761B1F92F1E2662DC8 /* [CP] Embed Pods Frameworks */,
			);
			buildRules = (
			);
			dependencies = (
			);
			name = RepoFetcher;
			productName = RepoFetcher;
			productReference = 0BD44DA1235F8F4B0067B353 /* RepoFetcher.app */;
			productType = "com.apple.product-type.application";
		};
		0BD44DB6235F8F4C0067B353 /* RepoFetcherTests */ = {
			isa = PBXNativeTarget;
			buildConfigurationList = 0BD44DC3235F8F4C0067B353 /* Build configuration list for PBXNativeTarget "RepoFetcherTests" */;
			buildPhases = (
				B92C102BB268CE1E4A721B79 /* [CP] Check Pods Manifest.lock */,
				0BD44DB3235F8F4C0067B353 /* Sources */,
				0BD44DB4235F8F4C0067B353 /* Frameworks */,
				0BD44DB5235F8F4C0067B353 /* Resources */,
			);
			buildRules = (
			);
			dependencies = (
				0BD44DB9235F8F4C0067B353 /* PBXTargetDependency */,
			);
			name = RepoFetcherTests;
			productName = RepoFetcherTests;
			productReference = 0BD44DB7235F8F4C0067B353 /* RepoFetcherTests.xctest */;
			productType = "com.apple.product-type.bundle.unit-test";
		};
/* End PBXNativeTarget section */

/* Begin PBXProject section */
		0BD44D99235F8F4B0067B353 /* Project object */ = {
			isa = PBXProject;
			attributes = {
				LastSwiftUpdateCheck = 1100;
				LastUpgradeCheck = 1100;
				ORGANIZATIONNAME = "Arkadiusz Buraczek";
				TargetAttributes = {
					0BD44DA0235F8F4B0067B353 = {
						CreatedOnToolsVersion = 11.0;
					};
					0BD44DB6235F8F4C0067B353 = {
						CreatedOnToolsVersion = 11.0;
						TestTargetID = 0BD44DA0235F8F4B0067B353;
					};
				};
			};
			buildConfigurationList = 0BD44D9C235F8F4B0067B353 /* Build configuration list for PBXProject "RepoFetcher" */;
			compatibilityVersion = "Xcode 9.3";
			developmentRegion = en;
			hasScannedForEncodings = 0;
			knownRegions = (
				en,
				Base,
			);
			mainGroup = 0BD44D98235F8F4B0067B353;
			productRefGroup = 0BD44DA2235F8F4B0067B353 /* Products */;
			projectDirPath = "";
			projectRoot = "";
			targets = (
				0BD44DA0235F8F4B0067B353 /* RepoFetcher */,
				0BD44DB6235F8F4C0067B353 /* RepoFetcherTests */,
			);
		};
/* End PBXProject section */

/* Begin PBXResourcesBuildPhase section */
		0BD44D9F235F8F4B0067B353 /* Resources */ = {
			isa = PBXResourcesBuildPhase;
			buildActionMask = 2147483647;
			files = (
				0B1625072362309800C8FDAB /* MainRepositoriesListCell.xib in Resources */,
				0BD44DB1235F8F4C0067B353 /* LaunchScreen.storyboard in Resources */,
				0B63AA8D2360F38400505E29 /* Localizables.strings in Resources */,
				0BB72B82235F9DAF0096AD49 /* MainRepositoriesListViewController.xib in Resources */,
				0BD44DAE235F8F4C0067B353 /* Assets.xcassets in Resources */,
			);
			runOnlyForDeploymentPostprocessing = 0;
		};
		0BD44DB5235F8F4C0067B353 /* Resources */ = {
			isa = PBXResourcesBuildPhase;
			buildActionMask = 2147483647;
			files = (
			);
			runOnlyForDeploymentPostprocessing = 0;
		};
/* End PBXResourcesBuildPhase section */

/* Begin PBXShellScriptBuildPhase section */
		223D7D24E1DD3CF7F068D22F /* [CP] Check Pods Manifest.lock */ = {
			isa = PBXShellScriptBuildPhase;
			buildActionMask = 2147483647;
			files = (
			);
			inputFileListPaths = (
			);
			inputPaths = (
				"${PODS_PODFILE_DIR_PATH}/Podfile.lock",
				"${PODS_ROOT}/Manifest.lock",
			);
			name = "[CP] Check Pods Manifest.lock";
			outputFileListPaths = (
			);
			outputPaths = (
				"$(DERIVED_FILE_DIR)/Pods-RepoFetcher-checkManifestLockResult.txt",
			);
			runOnlyForDeploymentPostprocessing = 0;
			shellPath = /bin/sh;
			shellScript = "diff \"${PODS_PODFILE_DIR_PATH}/Podfile.lock\" \"${PODS_ROOT}/Manifest.lock\" > /dev/null\nif [ $? != 0 ] ; then\n    # print error to STDERR\n    echo \"error: The sandbox is not in sync with the Podfile.lock. Run 'pod install' or update your CocoaPods installation.\" >&2\n    exit 1\nfi\n# This output is used by Xcode 'outputs' to avoid re-running this script phase.\necho \"SUCCESS\" > \"${SCRIPT_OUTPUT_FILE_0}\"\n";
			showEnvVarsInLog = 0;
		};
		3A3604761B1F92F1E2662DC8 /* [CP] Embed Pods Frameworks */ = {
			isa = PBXShellScriptBuildPhase;
			buildActionMask = 2147483647;
			files = (
			);
			inputFileListPaths = (
				"${PODS_ROOT}/Target Support Files/Pods-RepoFetcher/Pods-RepoFetcher-frameworks-${CONFIGURATION}-input-files.xcfilelist",
			);
			name = "[CP] Embed Pods Frameworks";
			outputFileListPaths = (
				"${PODS_ROOT}/Target Support Files/Pods-RepoFetcher/Pods-RepoFetcher-frameworks-${CONFIGURATION}-output-files.xcfilelist",
			);
			runOnlyForDeploymentPostprocessing = 0;
			shellPath = /bin/sh;
			shellScript = "\"${PODS_ROOT}/Target Support Files/Pods-RepoFetcher/Pods-RepoFetcher-frameworks.sh\"\n";
			showEnvVarsInLog = 0;
		};
		B92C102BB268CE1E4A721B79 /* [CP] Check Pods Manifest.lock */ = {
			isa = PBXShellScriptBuildPhase;
			buildActionMask = 2147483647;
			files = (
			);
			inputFileListPaths = (
			);
			inputPaths = (
				"${PODS_PODFILE_DIR_PATH}/Podfile.lock",
				"${PODS_ROOT}/Manifest.lock",
			);
			name = "[CP] Check Pods Manifest.lock";
			outputFileListPaths = (
			);
			outputPaths = (
				"$(DERIVED_FILE_DIR)/Pods-RepoFetcherTests-checkManifestLockResult.txt",
			);
			runOnlyForDeploymentPostprocessing = 0;
			shellPath = /bin/sh;
			shellScript = "diff \"${PODS_PODFILE_DIR_PATH}/Podfile.lock\" \"${PODS_ROOT}/Manifest.lock\" > /dev/null\nif [ $? != 0 ] ; then\n    # print error to STDERR\n    echo \"error: The sandbox is not in sync with the Podfile.lock. Run 'pod install' or update your CocoaPods installation.\" >&2\n    exit 1\nfi\n# This output is used by Xcode 'outputs' to avoid re-running this script phase.\necho \"SUCCESS\" > \"${SCRIPT_OUTPUT_FILE_0}\"\n";
			showEnvVarsInLog = 0;
		};
/* End PBXShellScriptBuildPhase section */

/* Begin PBXSourcesBuildPhase section */
		0BD44D9D235F8F4B0067B353 /* Sources */ = {
			isa = PBXSourcesBuildPhase;
			buildActionMask = 2147483647;
			files = (
				0B63AA9A2360F8A100505E29 /* SessionManagerExtension.swift in Sources */,
				0B63AA742360E2DC00505E29 /* ApiConstants.swift in Sources */,
				0BB72B6D235F95750096AD49 /* AppCoordinator.swift in Sources */,
				0B63AA7C2360E8DA00505E29 /* APIKeys.swift in Sources */,
				0B63AA982360F70F00505E29 /* RepositoriesListResponse.swift in Sources */,
				0B63AA872360F10D00505E29 /* UIViewControllerExtension.swift in Sources */,
				0BB72B6F235F97C20096AD49 /* MainRepositoryListCoordinator.swift in Sources */,
				0BD44DA5235F8F4B0067B353 /* AppDelegate.swift in Sources */,
				0BB72B7A235F9AAC0096AD49 /* MainRepositoriesListViewModel.swift in Sources */,
				0BD44DA7235F8F4B0067B353 /* SceneDelegate.swift in Sources */,
				0B63AA892360F13800505E29 /* UIVIewExtension.swift in Sources */,
				0B162509236230C800C8FDAB /* MainRepositoriesListCellViewModel.swift in Sources */,
				0BB72B78235F99B70096AD49 /* BaseViewController.swift in Sources */,
				0B63AA842360F05900505E29 /* ErrorHandlingPlugin.swift in Sources */,
				0BB72B81235F9DAF0096AD49 /* MainRepositoriesListViewController.swift in Sources */,
				0B63AA942360F59900505E29 /* UIAlertControllerExtension.swift in Sources */,
				0BB72B7E235F9C570096AD49 /* MainRepositoryListService.swift in Sources */,
				0B63AA7F2360EF6400505E29 /* MainRepositoriesListWorker.swift in Sources */,
				0BB72B6B235F954D0096AD49 /* Coordinator.swift in Sources */,
				0B1625062362309800C8FDAB /* MainRepositoriesListCell.swift in Sources */,
				0B63AA762360E54400505E29 /* ErrorableTargetType.swift in Sources */,
				0B63AA922360F47000505E29 /* APIError.swift in Sources */,
				0B16250C23623CC300C8FDAB /* RepositoryRenderable.swift in Sources */,
			);
			runOnlyForDeploymentPostprocessing = 0;
		};
		0BD44DB3235F8F4C0067B353 /* Sources */ = {
			isa = PBXSourcesBuildPhase;
			buildActionMask = 2147483647;
			files = (
				0BD44DBC235F8F4C0067B353 /* RepoFetcherTests.swift in Sources */,
			);
			runOnlyForDeploymentPostprocessing = 0;
		};
/* End PBXSourcesBuildPhase section */

/* Begin PBXTargetDependency section */
		0BD44DB9235F8F4C0067B353 /* PBXTargetDependency */ = {
			isa = PBXTargetDependency;
			target = 0BD44DA0235F8F4B0067B353 /* RepoFetcher */;
			targetProxy = 0BD44DB8235F8F4C0067B353 /* PBXContainerItemProxy */;
		};
/* End PBXTargetDependency section */

/* Begin PBXVariantGroup section */
		0B63AA8F2360F38400505E29 /* Localizables.strings */ = {
			isa = PBXVariantGroup;
			children = (
				0B63AA8E2360F38400505E29 /* en */,
			);
			name = Localizables.strings;
			sourceTree = "<group>";
		};
		0BD44DAF235F8F4C0067B353 /* LaunchScreen.storyboard */ = {
			isa = PBXVariantGroup;
			children = (
				0BD44DB0235F8F4C0067B353 /* Base */,
			);
			name = LaunchScreen.storyboard;
			sourceTree = "<group>";
		};
/* End PBXVariantGroup section */

/* Begin XCBuildConfiguration section */
		0BD44DBE235F8F4C0067B353 /* Debug */ = {
			isa = XCBuildConfiguration;
			buildSettings = {
				ALWAYS_SEARCH_USER_PATHS = NO;
				CLANG_ANALYZER_LOCALIZABILITY_NONLOCALIZED = YES;
				CLANG_ANALYZER_NONNULL = YES;
				CLANG_ANALYZER_NUMBER_OBJECT_CONVERSION = YES_AGGRESSIVE;
				CLANG_CXX_LANGUAGE_STANDARD = "gnu++14";
				CLANG_CXX_LIBRARY = "libc++";
				CLANG_ENABLE_MODULES = YES;
				CLANG_ENABLE_OBJC_ARC = YES;
				CLANG_ENABLE_OBJC_WEAK = YES;
				CLANG_WARN_BLOCK_CAPTURE_AUTORELEASING = YES;
				CLANG_WARN_BOOL_CONVERSION = YES;
				CLANG_WARN_COMMA = YES;
				CLANG_WARN_CONSTANT_CONVERSION = YES;
				CLANG_WARN_DEPRECATED_OBJC_IMPLEMENTATIONS = YES;
				CLANG_WARN_DIRECT_OBJC_ISA_USAGE = YES_ERROR;
				CLANG_WARN_DOCUMENTATION_COMMENTS = YES;
				CLANG_WARN_EMPTY_BODY = YES;
				CLANG_WARN_ENUM_CONVERSION = YES;
				CLANG_WARN_INFINITE_RECURSION = YES;
				CLANG_WARN_INT_CONVERSION = YES;
				CLANG_WARN_NON_LITERAL_NULL_CONVERSION = YES;
				CLANG_WARN_OBJC_IMPLICIT_RETAIN_SELF = YES;
				CLANG_WARN_OBJC_LITERAL_CONVERSION = YES;
				CLANG_WARN_OBJC_ROOT_CLASS = YES_ERROR;
				CLANG_WARN_RANGE_LOOP_ANALYSIS = YES;
				CLANG_WARN_STRICT_PROTOTYPES = YES;
				CLANG_WARN_SUSPICIOUS_MOVE = YES;
				CLANG_WARN_UNGUARDED_AVAILABILITY = YES_AGGRESSIVE;
				CLANG_WARN_UNREACHABLE_CODE = YES;
				CLANG_WARN__DUPLICATE_METHOD_MATCH = YES;
				COPY_PHASE_STRIP = NO;
				DEBUG_INFORMATION_FORMAT = dwarf;
				ENABLE_STRICT_OBJC_MSGSEND = YES;
				ENABLE_TESTABILITY = YES;
				GCC_C_LANGUAGE_STANDARD = gnu11;
				GCC_DYNAMIC_NO_PIC = NO;
				GCC_NO_COMMON_BLOCKS = YES;
				GCC_OPTIMIZATION_LEVEL = 0;
				GCC_PREPROCESSOR_DEFINITIONS = (
					"DEBUG=1",
					"$(inherited)",
				);
				GCC_WARN_64_TO_32_BIT_CONVERSION = YES;
				GCC_WARN_ABOUT_RETURN_TYPE = YES_ERROR;
				GCC_WARN_UNDECLARED_SELECTOR = YES;
				GCC_WARN_UNINITIALIZED_AUTOS = YES_AGGRESSIVE;
				GCC_WARN_UNUSED_FUNCTION = YES;
				GCC_WARN_UNUSED_VARIABLE = YES;
				IPHONEOS_DEPLOYMENT_TARGET = 13.0;
				MTL_ENABLE_DEBUG_INFO = INCLUDE_SOURCE;
				MTL_FAST_MATH = YES;
				ONLY_ACTIVE_ARCH = YES;
				SDKROOT = iphoneos;
				SWIFT_ACTIVE_COMPILATION_CONDITIONS = DEBUG;
				SWIFT_OPTIMIZATION_LEVEL = "-Onone";
			};
			name = Debug;
		};
		0BD44DBF235F8F4C0067B353 /* Release */ = {
			isa = XCBuildConfiguration;
			buildSettings = {
				ALWAYS_SEARCH_USER_PATHS = NO;
				CLANG_ANALYZER_LOCALIZABILITY_NONLOCALIZED = YES;
				CLANG_ANALYZER_NONNULL = YES;
				CLANG_ANALYZER_NUMBER_OBJECT_CONVERSION = YES_AGGRESSIVE;
				CLANG_CXX_LANGUAGE_STANDARD = "gnu++14";
				CLANG_CXX_LIBRARY = "libc++";
				CLANG_ENABLE_MODULES = YES;
				CLANG_ENABLE_OBJC_ARC = YES;
				CLANG_ENABLE_OBJC_WEAK = YES;
				CLANG_WARN_BLOCK_CAPTURE_AUTORELEASING = YES;
				CLANG_WARN_BOOL_CONVERSION = YES;
				CLANG_WARN_COMMA = YES;
				CLANG_WARN_CONSTANT_CONVERSION = YES;
				CLANG_WARN_DEPRECATED_OBJC_IMPLEMENTATIONS = YES;
				CLANG_WARN_DIRECT_OBJC_ISA_USAGE = YES_ERROR;
				CLANG_WARN_DOCUMENTATION_COMMENTS = YES;
				CLANG_WARN_EMPTY_BODY = YES;
				CLANG_WARN_ENUM_CONVERSION = YES;
				CLANG_WARN_INFINITE_RECURSION = YES;
				CLANG_WARN_INT_CONVERSION = YES;
				CLANG_WARN_NON_LITERAL_NULL_CONVERSION = YES;
				CLANG_WARN_OBJC_IMPLICIT_RETAIN_SELF = YES;
				CLANG_WARN_OBJC_LITERAL_CONVERSION = YES;
				CLANG_WARN_OBJC_ROOT_CLASS = YES_ERROR;
				CLANG_WARN_RANGE_LOOP_ANALYSIS = YES;
				CLANG_WARN_STRICT_PROTOTYPES = YES;
				CLANG_WARN_SUSPICIOUS_MOVE = YES;
				CLANG_WARN_UNGUARDED_AVAILABILITY = YES_AGGRESSIVE;
				CLANG_WARN_UNREACHABLE_CODE = YES;
				CLANG_WARN__DUPLICATE_METHOD_MATCH = YES;
				COPY_PHASE_STRIP = NO;
				DEBUG_INFORMATION_FORMAT = "dwarf-with-dsym";
				ENABLE_NS_ASSERTIONS = NO;
				ENABLE_STRICT_OBJC_MSGSEND = YES;
				GCC_C_LANGUAGE_STANDARD = gnu11;
				GCC_NO_COMMON_BLOCKS = YES;
				GCC_WARN_64_TO_32_BIT_CONVERSION = YES;
				GCC_WARN_ABOUT_RETURN_TYPE = YES_ERROR;
				GCC_WARN_UNDECLARED_SELECTOR = YES;
				GCC_WARN_UNINITIALIZED_AUTOS = YES_AGGRESSIVE;
				GCC_WARN_UNUSED_FUNCTION = YES;
				GCC_WARN_UNUSED_VARIABLE = YES;
				IPHONEOS_DEPLOYMENT_TARGET = 13.0;
				MTL_ENABLE_DEBUG_INFO = NO;
				MTL_FAST_MATH = YES;
				SDKROOT = iphoneos;
				SWIFT_COMPILATION_MODE = wholemodule;
				SWIFT_OPTIMIZATION_LEVEL = "-O";
				VALIDATE_PRODUCT = YES;
			};
			name = Release;
		};
		0BD44DC1235F8F4C0067B353 /* Debug */ = {
			isa = XCBuildConfiguration;
			baseConfigurationReference = 0D3344DE1F2F245A53DAA332 /* Pods-RepoFetcher.debug.xcconfig */;
			buildSettings = {
				ASSETCATALOG_COMPILER_APPICON_NAME = AppIcon;
				CODE_SIGN_STYLE = Automatic;
				DEVELOPMENT_TEAM = 93B3QN38G8;
				INFOPLIST_FILE = RepoFetcher/Base/Info.plist;
				IPHONEOS_DEPLOYMENT_TARGET = 13.0;
				LD_RUNPATH_SEARCH_PATHS = (
					"$(inherited)",
					"@executable_path/Frameworks",
				);
				PRODUCT_BUNDLE_IDENTIFIER = com.arkadiusz.buraczek.RepoFetcher;
				PRODUCT_NAME = "$(TARGET_NAME)";
				SWIFT_VERSION = 5.0;
				TARGETED_DEVICE_FAMILY = 1;
			};
			name = Debug;
		};
		0BD44DC2235F8F4C0067B353 /* Release */ = {
			isa = XCBuildConfiguration;
			baseConfigurationReference = 64F78510643E281D9EA05EBE /* Pods-RepoFetcher.release.xcconfig */;
			buildSettings = {
				ASSETCATALOG_COMPILER_APPICON_NAME = AppIcon;
				CODE_SIGN_STYLE = Automatic;
				DEVELOPMENT_TEAM = 93B3QN38G8;
				INFOPLIST_FILE = RepoFetcher/Base/Info.plist;
				IPHONEOS_DEPLOYMENT_TARGET = 13.0;
				LD_RUNPATH_SEARCH_PATHS = (
					"$(inherited)",
					"@executable_path/Frameworks",
				);
				PRODUCT_BUNDLE_IDENTIFIER = com.arkadiusz.buraczek.RepoFetcher;
				PRODUCT_NAME = "$(TARGET_NAME)";
				SWIFT_VERSION = 5.0;
				TARGETED_DEVICE_FAMILY = 1;
			};
			name = Release;
		};
		0BD44DC4235F8F4C0067B353 /* Debug */ = {
			isa = XCBuildConfiguration;
			baseConfigurationReference = 7BE47C9940232D7D06FD2BAF /* Pods-RepoFetcherTests.debug.xcconfig */;
			buildSettings = {
				ALWAYS_EMBED_SWIFT_STANDARD_LIBRARIES = YES;
				BUNDLE_LOADER = "$(TEST_HOST)";
				CODE_SIGN_STYLE = Automatic;
				DEVELOPMENT_TEAM = 93B3QN38G8;
				INFOPLIST_FILE = RepoFetcherTests/Info.plist;
				IPHONEOS_DEPLOYMENT_TARGET = 13.0;
				LD_RUNPATH_SEARCH_PATHS = (
					"$(inherited)",
					"@executable_path/Frameworks",
					"@loader_path/Frameworks",
				);
				PRODUCT_BUNDLE_IDENTIFIER = com.arkadiusz.buraczek.RepoFetcherTests;
				PRODUCT_NAME = "$(TARGET_NAME)";
				SWIFT_VERSION = 5.0;
				TARGETED_DEVICE_FAMILY = "1,2";
				TEST_HOST = "$(BUILT_PRODUCTS_DIR)/RepoFetcher.app/RepoFetcher";
			};
			name = Debug;
		};
		0BD44DC5235F8F4C0067B353 /* Release */ = {
			isa = XCBuildConfiguration;
			baseConfigurationReference = B52C66A870099FD13302ED1F /* Pods-RepoFetcherTests.release.xcconfig */;
			buildSettings = {
				ALWAYS_EMBED_SWIFT_STANDARD_LIBRARIES = YES;
				BUNDLE_LOADER = "$(TEST_HOST)";
				CODE_SIGN_STYLE = Automatic;
				DEVELOPMENT_TEAM = 93B3QN38G8;
				INFOPLIST_FILE = RepoFetcherTests/Info.plist;
				IPHONEOS_DEPLOYMENT_TARGET = 13.0;
				LD_RUNPATH_SEARCH_PATHS = (
					"$(inherited)",
					"@executable_path/Frameworks",
					"@loader_path/Frameworks",
				);
				PRODUCT_BUNDLE_IDENTIFIER = com.arkadiusz.buraczek.RepoFetcherTests;
				PRODUCT_NAME = "$(TARGET_NAME)";
				SWIFT_VERSION = 5.0;
				TARGETED_DEVICE_FAMILY = "1,2";
				TEST_HOST = "$(BUILT_PRODUCTS_DIR)/RepoFetcher.app/RepoFetcher";
			};
			name = Release;
		};
/* End XCBuildConfiguration section */

/* Begin XCConfigurationList section */
		0BD44D9C235F8F4B0067B353 /* Build configuration list for PBXProject "RepoFetcher" */ = {
			isa = XCConfigurationList;
			buildConfigurations = (
				0BD44DBE235F8F4C0067B353 /* Debug */,
				0BD44DBF235F8F4C0067B353 /* Release */,
			);
			defaultConfigurationIsVisible = 0;
			defaultConfigurationName = Release;
		};
		0BD44DC0235F8F4C0067B353 /* Build configuration list for PBXNativeTarget "RepoFetcher" */ = {
			isa = XCConfigurationList;
			buildConfigurations = (
				0BD44DC1235F8F4C0067B353 /* Debug */,
				0BD44DC2235F8F4C0067B353 /* Release */,
			);
			defaultConfigurationIsVisible = 0;
			defaultConfigurationName = Release;
		};
		0BD44DC3235F8F4C0067B353 /* Build configuration list for PBXNativeTarget "RepoFetcherTests" */ = {
			isa = XCConfigurationList;
			buildConfigurations = (
				0BD44DC4235F8F4C0067B353 /* Debug */,
				0BD44DC5235F8F4C0067B353 /* Release */,
			);
			defaultConfigurationIsVisible = 0;
			defaultConfigurationName = Release;
		};
/* End XCConfigurationList section */
	};
	rootObject = 0BD44D99235F8F4B0067B353 /* Project object */;
}
